
Microsoft Visual Studio Solution File, Format Version 12.00
# Visual Studio Version 17
VisualStudioVersion = 17.8.34330.188
MinimumVisualStudioVersion = 10.0.40219.1
Project("{9A19103F-16F7-4668-BE54-9A1E7A4F7556}") = "DriverAPI", "DriverAPI\DriverAPI.csproj", "{0C079F9E-7744-4040-A8C5-8BAC47CCDD54}"
EndProject
Project("{9A19103F-16F7-4668-BE54-9A1E7A4F7556}") = "Driver.DataService", "Driver.DataService\Driver.DataService.csproj", "{A57E1910-7394-4FD4-9356-9AB888AAFE8F}"
EndProject
Project("{9A19103F-16F7-4668-BE54-9A1E7A4F7556}") = "Driver.Entities", "Driver.Entities\Driver.Entities.csproj", "{71E6897D-C20C-4734-B6FB-5ED2DF12BA67}"
EndProject
Global
	GlobalSection(SolutionConfigurationPlatforms) = preSolution
		Debug|Any CPU = Debug|Any CPU
		Release|Any CPU = Release|Any CPU
	EndGlobalSection
	GlobalSection(ProjectConfigurationPlatforms) = postSolution
		{0C079F9E-7744-4040-A8C5-8BAC47CCDD54}.Debug|Any CPU.ActiveCfg = Debug|Any CPU
		{0C079F9E-7744-4040-A8C5-8BAC47CCDD54}.Debug|Any CPU.Build.0 = Debug|Any CPU
		{0C079F9E-7744-4040-A8C5-8BAC47CCDD54}.Release|Any CPU.ActiveCfg = Release|Any CPU
		{0C079F9E-7744-4040-A8C5-8BAC47CCDD54}.Release|Any CPU.Build.0 = Release|Any CPU
		{A57E1910-7394-4FD4-9356-9AB888AAFE8F}.Debug|Any CPU.ActiveCfg = Debug|Any CPU
		{A57E1910-7394-4FD4-9356-9AB888AAFE8F}.Debug|Any CPU.Build.0 = Debug|Any CPU
		{A57E1910-7394-4FD4-9356-9AB888AAFE8F}.Release|Any CPU.ActiveCfg = Release|Any CPU
		{A57E1910-7394-4FD4-9356-9AB888AAFE8F}.Release|Any CPU.Build.0 = Release|Any CPU
		{71E6897D-C20C-4734-B6FB-5ED2DF12BA67}.Debug|Any CPU.ActiveCfg = Debug|Any CPU
		{71E6897D-C20C-4734-B6FB-5ED2DF12BA67}.Debug|Any CPU.Build.0 = Debug|Any CPU
		{71E6897D-C20C-4734-B6FB-5ED2DF12BA67}.Release|Any CPU.ActiveCfg = Release|Any CPU
		{71E6897D-C20C-4734-B6FB-5ED2DF12BA67}.Release|Any CPU.Build.0 = Release|Any CPU
	EndGlobalSection
	GlobalSection(SolutionProperties) = preSolution
		HideSolutionNode = FALSE
	EndGlobalSection
	GlobalSection(ExtensibilityGlobals) = postSolution
		SolutionGuid = {FB24A8BD-F4C5-421F-820F-0EDA760B0F5B}
	EndGlobalSection
EndGlobal
